
Microsoft Visual Studio Solution File, Format Version 12.00
# Visual Studio Version 16
VisualStudioVersion = 16.0.31005.135
MinimumVisualStudioVersion = 10.0.40219.1
Project("{FAE04EC0-301F-11D3-BF4B-00C04F79EFBC}") = "Recursion-Practice", "Recursion-Practice\Recursion-Practice.csproj", "{87BA31E5-2A98-455A-9449-352386C8E3EE}"
EndProject
Global
	GlobalSection(SolutionConfigurationPlatforms) = preSolution
		Debug|Any CPU = Debug|Any CPU
		Release|Any CPU = Release|Any CPU
	EndGlobalSection
	GlobalSection(ProjectConfigurationPlatforms) = postSolution
		{87BA31E5-2A98-455A-9449-352386C8E3EE}.Debug|Any CPU.ActiveCfg = Debug|Any CPU
		{87BA31E5-2A98-455A-9449-352386C8E3EE}.Debug|Any CPU.Build.0 = Debug|Any CPU
		{87BA31E5-2A98-455A-9449-352386C8E3EE}.Release|Any CPU.ActiveCfg = Release|Any CPU
		{87BA31E5-2A98-455A-9449-352386C8E3EE}.Release|Any CPU.Build.0 = Release|Any CPU
	EndGlobalSection
	GlobalSection(SolutionProperties) = preSolution
		HideSolutionNode = FALSE
	EndGlobalSection
	GlobalSection(ExtensibilityGlobals) = postSolution
		SolutionGuid = {28314F52-6E2F-4B56-873F-10A605D6DB2E}
	EndGlobalSection
EndGlobal
